
Microsoft Visual Studio Solution File, Format Version 12.00
# Visual Studio Version 17
VisualStudioVersion = 17.0.31903.59
MinimumVisualStudioVersion = 10.0.40219.1
Project("{FAE04EC0-301F-11D3-BF4B-00C04F79EFBC}") = "Pantree.Core", "Pantree.Core\Pantree.Core.csproj", "{96279912-FE42-457D-8F7A-6FCB240DC348}"
EndProject
Project("{FAE04EC0-301F-11D3-BF4B-00C04F79EFBC}") = "Pantree.Core.Tests", "Pantree.Core.Tests\Pantree.Core.Tests.csproj", "{6F23C8B9-8C2F-47DF-AE9E-B90BA7BDBB07}"
EndProject
Global
	GlobalSection(SolutionConfigurationPlatforms) = preSolution
		Debug|Any CPU = Debug|Any CPU
		Release|Any CPU = Release|Any CPU
	EndGlobalSection
	GlobalSection(SolutionProperties) = preSolution
		HideSolutionNode = FALSE
	EndGlobalSection
	GlobalSection(ProjectConfigurationPlatforms) = postSolution
		{96279912-FE42-457D-8F7A-6FCB240DC348}.Debug|Any CPU.ActiveCfg = Debug|Any CPU
		{96279912-FE42-457D-8F7A-6FCB240DC348}.Debug|Any CPU.Build.0 = Debug|Any CPU
		{96279912-FE42-457D-8F7A-6FCB240DC348}.Release|Any CPU.ActiveCfg = Release|Any CPU
		{96279912-FE42-457D-8F7A-6FCB240DC348}.Release|Any CPU.Build.0 = Release|Any CPU
		{6F23C8B9-8C2F-47DF-AE9E-B90BA7BDBB07}.Debug|Any CPU.ActiveCfg = Debug|Any CPU
		{6F23C8B9-8C2F-47DF-AE9E-B90BA7BDBB07}.Debug|Any CPU.Build.0 = Debug|Any CPU
		{6F23C8B9-8C2F-47DF-AE9E-B90BA7BDBB07}.Release|Any CPU.ActiveCfg = Release|Any CPU
		{6F23C8B9-8C2F-47DF-AE9E-B90BA7BDBB07}.Release|Any CPU.Build.0 = Release|Any CPU
	EndGlobalSection
EndGlobal
